{
  "requires": true,
  "lockfileVersion": 1,
  "dependencies": {
    "@libphp/amazon-linux-2-v81": {
      "version": "0.0.1",
      "resolved": "https://registry.npmjs.org/@libphp/amazon-linux-2-v81/-/amazon-linux-2-v81-0.0.1.tgz",
      "integrity": "sha512-cR7w79FZr91x1ur0eR5DWX+Wb1hDuYdxzka6vIzUMMmsuW1NBaEpwDQu4icJizNVS26NwpUtDTJGIoEomBiYxA=="
    },
    "vercel-php": {
      "version": "0.5.2",
      "resolved": "https://registry.npmjs.org/vercel-php/-/vercel-php-0.5.2.tgz",
      "integrity": "sha512-N4Ty0nD6s855hdDZhATAdRtku9hKfZtzZjT8xWbZgp+WQedPsJ3QWl/fX7nk6y/bcOOgL+H2CaBSd1zPjKi9TQ==",
      "requires": {
        "@libphp/amazon-linux-2-v81": "^0.0.1"
      }
    }
  }
}
